
Microsoft Visual Studio Solution File, Format Version 12.00
# Visual Studio Version 17
VisualStudioVersion = 17.0.31903.59
MinimumVisualStudioVersion = 10.0.40219.1
Project("{FAE04EC0-301F-11D3-BF4B-00C04F79EFBC}") = "OpenNFS.Rpc", "OpenNFS.Rpc\OpenNFS.Rpc.csproj", "{DA202B31-2C4F-49F1-AC16-423A2A47C534}"
EndProject
Project("{FAE04EC0-301F-11D3-BF4B-00C04F79EFBC}") = "OpenNFS.Protocol.V3", "OpenNFS.Protocol.V3\OpenNFS.Protocol.V3.csproj", "{1969AA29-7A68-4C92-8600-CAC9E64715E4}"
EndProject
Project("{FAE04EC0-301F-11D3-BF4B-00C04F79EFBC}") = "OpenNFS.Protocol.V40", "OpenNFS.Protocol.V40\OpenNFS.Protocol.V40.csproj", "{433F1664-6CAC-48F9-A1A9-682BE73509DC}"
EndProject
Project("{FAE04EC0-301F-11D3-BF4B-00C04F79EFBC}") = "OpenNFS.Protocol.V41", "OpenNFS.Protocol.V41\OpenNFS.Protocol.V41.csproj", "{5B80C9D5-E258-4D7A-A165-84E50F35FE00}"
EndProject
Project("{FAE04EC0-301F-11D3-BF4B-00C04F79EFBC}") = "OpenNFS.Protocol.V42", "OpenNFS.Protocol.V42\OpenNFS.Protocol.V42.csproj", "{50B3A833-71EE-42A3-91C9-A15129A6984B}"
EndProject
Project("{FAE04EC0-301F-11D3-BF4B-00C04F79EFBC}") = "OpenNFS.Server", "OpenNFS.Server\OpenNFS.Server.csproj", "{DAD5F8FD-8E88-4492-915B-58F9D6269068}"
EndProject
Project("{FAE04EC0-301F-11D3-BF4B-00C04F79EFBC}") = "OpenNFS.Client", "OpenNFS.Client\OpenNFS.Client.csproj", "{89644EA9-7DC9-4B1D-B459-303722946782}"
EndProject
Project("{FAE04EC0-301F-11D3-BF4B-00C04F79EFBC}") = "OpenNFS.XdrGen", "OpenNFS.XdrGen\OpenNFS.XdrGen.csproj", "{F3F5F831-C102-4582-A1E1-7A4231C268A3}"
EndProject
Project("{FAE04EC0-301F-11D3-BF4B-00C04F79EFBC}") = "Sample.OpenNfsServer", "Sample.OpenNfsServer\Sample.OpenNfsServer.csproj", "{CC579B91-825E-49AF-B0E7-27BA7BB86B53}"
EndProject
Project("{FAE04EC0-301F-11D3-BF4B-00C04F79EFBC}") = "Test.Shared", "Test.Shared\Test.Shared.csproj", "{3948215E-C002-4C23-905F-6EA9B3C26A48}"
EndProject
Project("{FAE04EC0-301F-11D3-BF4B-00C04F79EFBC}") = "Test.Automated", "Test.Automated\Test.Automated.csproj", "{761B1EFC-DCCD-4BAE-88AE-27DB53BFD37E}"
EndProject
Project("{FAE04EC0-301F-11D3-BF4B-00C04F79EFBC}") = "Test.Xunit", "Test.Xunit\Test.Xunit.csproj", "{4BF6ADA6-537F-444A-82FD-993BBCB910BF}"
EndProject
Project("{FAE04EC0-301F-11D3-BF4B-00C04F79EFBC}") = "Test.Nunit", "Test.Nunit\Test.Nunit.csproj", "{99D0F442-5843-4837-8172-8271809C365F}"
EndProject
Global
	GlobalSection(SolutionConfigurationPlatforms) = preSolution
		Debug|Any CPU = Debug|Any CPU
		Debug|x64 = Debug|x64
		Debug|x86 = Debug|x86
		Release|Any CPU = Release|Any CPU
		Release|x64 = Release|x64
		Release|x86 = Release|x86
	EndGlobalSection
	GlobalSection(ProjectConfigurationPlatforms) = postSolution
		{DA202B31-2C4F-49F1-AC16-423A2A47C534}.Debug|Any CPU.ActiveCfg = Debug|Any CPU
		{DA202B31-2C4F-49F1-AC16-423A2A47C534}.Debug|Any CPU.Build.0 = Debug|Any CPU
		{DA202B31-2C4F-49F1-AC16-423A2A47C534}.Debug|x64.ActiveCfg = Debug|Any CPU
		{DA202B31-2C4F-49F1-AC16-423A2A47C534}.Debug|x64.Build.0 = Debug|Any CPU
		{DA202B31-2C4F-49F1-AC16-423A2A47C534}.Debug|x86.ActiveCfg = Debug|Any CPU
		{DA202B31-2C4F-49F1-AC16-423A2A47C534}.Debug|x86.Build.0 = Debug|Any CPU
		{DA202B31-2C4F-49F1-AC16-423A2A47C534}.Release|Any CPU.ActiveCfg = Release|Any CPU
		{DA202B31-2C4F-49F1-AC16-423A2A47C534}.Release|Any CPU.Build.0 = Release|Any CPU
		{DA202B31-2C4F-49F1-AC16-423A2A47C534}.Release|x64.ActiveCfg = Release|Any CPU
		{DA202B31-2C4F-49F1-AC16-423A2A47C534}.Release|x64.Build.0 = Release|Any CPU
		{DA202B31-2C4F-49F1-AC16-423A2A47C534}.Release|x86.ActiveCfg = Release|Any CPU
		{DA202B31-2C4F-49F1-AC16-423A2A47C534}.Release|x86.Build.0 = Release|Any CPU
		{1969AA29-7A68-4C92-8600-CAC9E64715E4}.Debug|Any CPU.ActiveCfg = Debug|Any CPU
		{1969AA29-7A68-4C92-8600-CAC9E64715E4}.Debug|Any CPU.Build.0 = Debug|Any CPU
		{1969AA29-7A68-4C92-8600-CAC9E64715E4}.Debug|x64.ActiveCfg = Debug|Any CPU
		{1969AA29-7A68-4C92-8600-CAC9E64715E4}.Debug|x64.Build.0 = Debug|Any CPU
		{1969AA29-7A68-4C92-8600-CAC9E64715E4}.Debug|x86.ActiveCfg = Debug|Any CPU
		{1969AA29-7A68-4C92-8600-CAC9E64715E4}.Debug|x86.Build.0 = Debug|Any CPU
		{1969AA29-7A68-4C92-8600-CAC9E64715E4}.Release|Any CPU.ActiveCfg = Release|Any CPU
		{1969AA29-7A68-4C92-8600-CAC9E64715E4}.Release|Any CPU.Build.0 = Release|Any CPU
		{1969AA29-7A68-4C92-8600-CAC9E64715E4}.Release|x64.ActiveCfg = Release|Any CPU
		{1969AA29-7A68-4C92-8600-CAC9E64715E4}.Release|x64.Build.0 = Release|Any CPU
		{1969AA29-7A68-4C92-8600-CAC9E64715E4}.Release|x86.ActiveCfg = Release|Any CPU
		{1969AA29-7A68-4C92-8600-CAC9E64715E4}.Release|x86.Build.0 = Release|Any CPU
		{433F1664-6CAC-48F9-A1A9-682BE73509DC}.Debug|Any CPU.ActiveCfg = Debug|Any CPU
		{433F1664-6CAC-48F9-A1A9-682BE73509DC}.Debug|Any CPU.Build.0 = Debug|Any CPU
		{433F1664-6CAC-48F9-A1A9-682BE73509DC}.Debug|x64.ActiveCfg = Debug|Any CPU
		{433F1664-6CAC-48F9-A1A9-682BE73509DC}.Debug|x64.Build.0 = Debug|Any CPU
		{433F1664-6CAC-48F9-A1A9-682BE73509DC}.Debug|x86.ActiveCfg = Debug|Any CPU
		{433F1664-6CAC-48F9-A1A9-682BE73509DC}.Debug|x86.Build.0 = Debug|Any CPU
		{433F1664-6CAC-48F9-A1A9-682BE73509DC}.Release|Any CPU.ActiveCfg = Release|Any CPU
		{433F1664-6CAC-48F9-A1A9-682BE73509DC}.Release|Any CPU.Build.0 = Release|Any CPU
		{433F1664-6CAC-48F9-A1A9-682BE73509DC}.Release|x64.ActiveCfg = Release|Any CPU
		{433F1664-6CAC-48F9-A1A9-682BE73509DC}.Release|x64.Build.0 = Release|Any CPU
		{433F1664-6CAC-48F9-A1A9-682BE73509DC}.Release|x86.ActiveCfg = Release|Any CPU
		{433F1664-6CAC-48F9-A1A9-682BE73509DC}.Release|x86.Build.0 = Release|Any CPU
		{5B80C9D5-E258-4D7A-A165-84E50F35FE00}.Debug|Any CPU.ActiveCfg = Debug|Any CPU
		{5B80C9D5-E258-4D7A-A165-84E50F35FE00}.Debug|Any CPU.Build.0 = Debug|Any CPU
		{5B80C9D5-E258-4D7A-A165-84E50F35FE00}.Debug|x64.ActiveCfg = Debug|Any CPU
		{5B80C9D5-E258-4D7A-A165-84E50F35FE00}.Debug|x64.Build.0 = Debug|Any CPU
		{5B80C9D5-E258-4D7A-A165-84E50F35FE00}.Debug|x86.ActiveCfg = Debug|Any CPU
		{5B80C9D5-E258-4D7A-A165-84E50F35FE00}.Debug|x86.Build.0 = Debug|Any CPU
		{5B80C9D5-E258-4D7A-A165-84E50F35FE00}.Release|Any CPU.ActiveCfg = Release|Any CPU
		{5B80C9D5-E258-4D7A-A165-84E50F35FE00}.Release|Any CPU.Build.0 = Release|Any CPU
		{5B80C9D5-E258-4D7A-A165-84E50F35FE00}.Release|x64.ActiveCfg = Release|Any CPU
		{5B80C9D5-E258-4D7A-A165-84E50F35FE00}.Release|x64.Build.0 = Release|Any CPU
		{5B80C9D5-E258-4D7A-A165-84E50F35FE00}.Release|x86.ActiveCfg = Release|Any CPU
		{5B80C9D5-E258-4D7A-A165-84E50F35FE00}.Release|x86.Build.0 = Release|Any CPU
		{50B3A833-71EE-42A3-91C9-A15129A6984B}.Debug|Any CPU.ActiveCfg = Debug|Any CPU
		{50B3A833-71EE-42A3-91C9-A15129A6984B}.Debug|Any CPU.Build.0 = Debug|Any CPU
		{50B3A833-71EE-42A3-91C9-A15129A6984B}.Debug|x64.ActiveCfg = Debug|Any CPU
		{50B3A833-71EE-42A3-91C9-A15129A6984B}.Debug|x64.Build.0 = Debug|Any CPU
		{50B3A833-71EE-42A3-91C9-A15129A6984B}.Debug|x86.ActiveCfg = Debug|Any CPU
		{50B3A833-71EE-42A3-91C9-A15129A6984B}.Debug|x86.Build.0 = Debug|Any CPU
		{50B3A833-71EE-42A3-91C9-A15129A6984B}.Release|Any CPU.ActiveCfg = Release|Any CPU
		{50B3A833-71EE-42A3-91C9-A15129A6984B}.Release|Any CPU.Build.0 = Release|Any CPU
		{50B3A833-71EE-42A3-91C9-A15129A6984B}.Release|x64.ActiveCfg = Release|Any CPU
		{50B3A833-71EE-42A3-91C9-A15129A6984B}.Release|x64.Build.0 = Release|Any CPU
		{50B3A833-71EE-42A3-91C9-A15129A6984B}.Release|x86.ActiveCfg = Release|Any CPU
		{50B3A833-71EE-42A3-91C9-A15129A6984B}.Release|x86.Build.0 = Release|Any CPU
		{DAD5F8FD-8E88-4492-915B-58F9D6269068}.Debug|Any CPU.ActiveCfg = Debug|Any CPU
		{DAD5F8FD-8E88-4492-915B-58F9D6269068}.Debug|Any CPU.Build.0 = Debug|Any CPU
		{DAD5F8FD-8E88-4492-915B-58F9D6269068}.Debug|x64.ActiveCfg = Debug|Any CPU
		{DAD5F8FD-8E88-4492-915B-58F9D6269068}.Debug|x64.Build.0 = Debug|Any CPU
		{DAD5F8FD-8E88-4492-915B-58F9D6269068}.Debug|x86.ActiveCfg = Debug|Any CPU
		{DAD5F8FD-8E88-4492-915B-58F9D6269068}.Debug|x86.Build.0 = Debug|Any CPU
		{DAD5F8FD-8E88-4492-915B-58F9D6269068}.Release|Any CPU.ActiveCfg = Release|Any CPU
		{DAD5F8FD-8E88-4492-915B-58F9D6269068}.Release|Any CPU.Build.0 = Release|Any CPU
		{DAD5F8FD-8E88-4492-915B-58F9D6269068}.Release|x64.ActiveCfg = Release|Any CPU
		{DAD5F8FD-8E88-4492-915B-58F9D6269068}.Release|x64.Build.0 = Release|Any CPU
		{DAD5F8FD-8E88-4492-915B-58F9D6269068}.Release|x86.ActiveCfg = Release|Any CPU
		{DAD5F8FD-8E88-4492-915B-58F9D6269068}.Release|x86.Build.0 = Release|Any CPU
		{89644EA9-7DC9-4B1D-B459-303722946782}.Debug|Any CPU.ActiveCfg = Debug|Any CPU
		{89644EA9-7DC9-4B1D-B459-303722946782}.Debug|Any CPU.Build.0 = Debug|Any CPU
		{89644EA9-7DC9-4B1D-B459-303722946782}.Debug|x64.ActiveCfg = Debug|Any CPU
		{89644EA9-7DC9-4B1D-B459-303722946782}.Debug|x64.Build.0 = Debug|Any CPU
		{89644EA9-7DC9-4B1D-B459-303722946782}.Debug|x86.ActiveCfg = Debug|Any CPU
		{89644EA9-7DC9-4B1D-B459-303722946782}.Debug|x86.Build.0 = Debug|Any CPU
		{89644EA9-7DC9-4B1D-B459-303722946782}.Release|Any CPU.ActiveCfg = Release|Any CPU
		{89644EA9-7DC9-4B1D-B459-303722946782}.Release|Any CPU.Build.0 = Release|Any CPU
		{89644EA9-7DC9-4B1D-B459-303722946782}.Release|x64.ActiveCfg = Release|Any CPU
		{89644EA9-7DC9-4B1D-B459-303722946782}.Release|x64.Build.0 = Release|Any CPU
		{89644EA9-7DC9-4B1D-B459-303722946782}.Release|x86.ActiveCfg = Release|Any CPU
		{89644EA9-7DC9-4B1D-B459-303722946782}.Release|x86.Build.0 = Release|Any CPU
		{F3F5F831-C102-4582-A1E1-7A4231C268A3}.Debug|Any CPU.ActiveCfg = Debug|Any CPU
		{F3F5F831-C102-4582-A1E1-7A4231C268A3}.Debug|Any CPU.Build.0 = Debug|Any CPU
		{F3F5F831-C102-4582-A1E1-7A4231C268A3}.Debug|x64.ActiveCfg = Debug|Any CPU
		{F3F5F831-C102-4582-A1E1-7A4231C268A3}.Debug|x64.Build.0 = Debug|Any CPU
		{F3F5F831-C102-4582-A1E1-7A4231C268A3}.Debug|x86.ActiveCfg = Debug|Any CPU
		{F3F5F831-C102-4582-A1E1-7A4231C268A3}.Debug|x86.Build.0 = Debug|Any CPU
		{F3F5F831-C102-4582-A1E1-7A4231C268A3}.Release|Any CPU.ActiveCfg = Release|Any CPU
		{F3F5F831-C102-4582-A1E1-7A4231C268A3}.Release|Any CPU.Build.0 = Release|Any CPU
		{F3F5F831-C102-4582-A1E1-7A4231C268A3}.Release|x64.ActiveCfg = Release|Any CPU
		{F3F5F831-C102-4582-A1E1-7A4231C268A3}.Release|x64.Build.0 = Release|Any CPU
		{F3F5F831-C102-4582-A1E1-7A4231C268A3}.Release|x86.ActiveCfg = Release|Any CPU
		{F3F5F831-C102-4582-A1E1-7A4231C268A3}.Release|x86.Build.0 = Release|Any CPU
		{CC579B91-825E-49AF-B0E7-27BA7BB86B53}.Debug|Any CPU.ActiveCfg = Debug|Any CPU
		{CC579B91-825E-49AF-B0E7-27BA7BB86B53}.Debug|Any CPU.Build.0 = Debug|Any CPU
		{CC579B91-825E-49AF-B0E7-27BA7BB86B53}.Debug|x64.ActiveCfg = Debug|Any CPU
		{CC579B91-825E-49AF-B0E7-27BA7BB86B53}.Debug|x64.Build.0 = Debug|Any CPU
		{CC579B91-825E-49AF-B0E7-27BA7BB86B53}.Debug|x86.ActiveCfg = Debug|Any CPU
		{CC579B91-825E-49AF-B0E7-27BA7BB86B53}.Debug|x86.Build.0 = Debug|Any CPU
		{CC579B91-825E-49AF-B0E7-27BA7BB86B53}.Release|Any CPU.ActiveCfg = Release|Any CPU
		{CC579B91-825E-49AF-B0E7-27BA7BB86B53}.Release|Any CPU.Build.0 = Release|Any CPU
		{CC579B91-825E-49AF-B0E7-27BA7BB86B53}.Release|x64.ActiveCfg = Release|Any CPU
		{CC579B91-825E-49AF-B0E7-27BA7BB86B53}.Release|x64.Build.0 = Release|Any CPU
		{CC579B91-825E-49AF-B0E7-27BA7BB86B53}.Release|x86.ActiveCfg = Release|Any CPU
		{CC579B91-825E-49AF-B0E7-27BA7BB86B53}.Release|x86.Build.0 = Release|Any CPU
		{3948215E-C002-4C23-905F-6EA9B3C26A48}.Debug|Any CPU.ActiveCfg = Debug|Any CPU
		{3948215E-C002-4C23-905F-6EA9B3C26A48}.Debug|Any CPU.Build.0 = Debug|Any CPU
		{3948215E-C002-4C23-905F-6EA9B3C26A48}.Debug|x64.ActiveCfg = Debug|Any CPU
		{3948215E-C002-4C23-905F-6EA9B3C26A48}.Debug|x64.Build.0 = Debug|Any CPU
		{3948215E-C002-4C23-905F-6EA9B3C26A48}.Debug|x86.ActiveCfg = Debug|Any CPU
		{3948215E-C002-4C23-905F-6EA9B3C26A48}.Debug|x86.Build.0 = Debug|Any CPU
		{3948215E-C002-4C23-905F-6EA9B3C26A48}.Release|Any CPU.ActiveCfg = Release|Any CPU
		{3948215E-C002-4C23-905F-6EA9B3C26A48}.Release|Any CPU.Build.0 = Release|Any CPU
		{3948215E-C002-4C23-905F-6EA9B3C26A48}.Release|x64.ActiveCfg = Release|Any CPU
		{3948215E-C002-4C23-905F-6EA9B3C26A48}.Release|x64.Build.0 = Release|Any CPU
		{3948215E-C002-4C23-905F-6EA9B3C26A48}.Release|x86.ActiveCfg = Release|Any CPU
		{3948215E-C002-4C23-905F-6EA9B3C26A48}.Release|x86.Build.0 = Release|Any CPU
		{761B1EFC-DCCD-4BAE-88AE-27DB53BFD37E}.Debug|Any CPU.ActiveCfg = Debug|Any CPU
		{761B1EFC-DCCD-4BAE-88AE-27DB53BFD37E}.Debug|Any CPU.Build.0 = Debug|Any CPU
		{761B1EFC-DCCD-4BAE-88AE-27DB53BFD37E}.Debug|x64.ActiveCfg = Debug|Any CPU
		{761B1EFC-DCCD-4BAE-88AE-27DB53BFD37E}.Debug|x64.Build.0 = Debug|Any CPU
		{761B1EFC-DCCD-4BAE-88AE-27DB53BFD37E}.Debug|x86.ActiveCfg = Debug|Any CPU
		{761B1EFC-DCCD-4BAE-88AE-27DB53BFD37E}.Debug|x86.Build.0 = Debug|Any CPU
		{761B1EFC-DCCD-4BAE-88AE-27DB53BFD37E}.Release|Any CPU.ActiveCfg = Release|Any CPU
		{761B1EFC-DCCD-4BAE-88AE-27DB53BFD37E}.Release|Any CPU.Build.0 = Release|Any CPU
		{761B1EFC-DCCD-4BAE-88AE-27DB53BFD37E}.Release|x64.ActiveCfg = Release|Any CPU
		{761B1EFC-DCCD-4BAE-88AE-27DB53BFD37E}.Release|x64.Build.0 = Release|Any CPU
		{761B1EFC-DCCD-4BAE-88AE-27DB53BFD37E}.Release|x86.ActiveCfg = Release|Any CPU
		{761B1EFC-DCCD-4BAE-88AE-27DB53BFD37E}.Release|x86.Build.0 = Release|Any CPU
		{4BF6ADA6-537F-444A-82FD-993BBCB910BF}.Debug|Any CPU.ActiveCfg = Debug|Any CPU
		{4BF6ADA6-537F-444A-82FD-993BBCB910BF}.Debug|Any CPU.Build.0 = Debug|Any CPU
		{4BF6ADA6-537F-444A-82FD-993BBCB910BF}.Debug|x64.ActiveCfg = Debug|Any CPU
		{4BF6ADA6-537F-444A-82FD-993BBCB910BF}.Debug|x64.Build.0 = Debug|Any CPU
		{4BF6ADA6-537F-444A-82FD-993BBCB910BF}.Debug|x86.ActiveCfg = Debug|Any CPU
		{4BF6ADA6-537F-444A-82FD-993BBCB910BF}.Debug|x86.Build.0 = Debug|Any CPU
		{4BF6ADA6-537F-444A-82FD-993BBCB910BF}.Release|Any CPU.ActiveCfg = Release|Any CPU
		{4BF6ADA6-537F-444A-82FD-993BBCB910BF}.Release|Any CPU.Build.0 = Release|Any CPU
		{4BF6ADA6-537F-444A-82FD-993BBCB910BF}.Release|x64.ActiveCfg = Release|Any CPU
		{4BF6ADA6-537F-444A-82FD-993BBCB910BF}.Release|x64.Build.0 = Release|Any CPU
		{4BF6ADA6-537F-444A-82FD-993BBCB910BF}.Release|x86.ActiveCfg = Release|Any CPU
		{4BF6ADA6-537F-444A-82FD-993BBCB910BF}.Release|x86.Build.0 = Release|Any CPU
		{99D0F442-5843-4837-8172-8271809C365F}.Debug|Any CPU.ActiveCfg = Debug|Any CPU
		{99D0F442-5843-4837-8172-8271809C365F}.Debug|Any CPU.Build.0 = Debug|Any CPU
		{99D0F442-5843-4837-8172-8271809C365F}.Debug|x64.ActiveCfg = Debug|Any CPU
		{99D0F442-5843-4837-8172-8271809C365F}.Debug|x64.Build.0 = Debug|Any CPU
		{99D0F442-5843-4837-8172-8271809C365F}.Debug|x86.ActiveCfg = Debug|Any CPU
		{99D0F442-5843-4837-8172-8271809C365F}.Debug|x86.Build.0 = Debug|Any CPU
		{99D0F442-5843-4837-8172-8271809C365F}.Release|Any CPU.ActiveCfg = Release|Any CPU
		{99D0F442-5843-4837-8172-8271809C365F}.Release|Any CPU.Build.0 = Release|Any CPU
		{99D0F442-5843-4837-8172-8271809C365F}.Release|x64.ActiveCfg = Release|Any CPU
		{99D0F442-5843-4837-8172-8271809C365F}.Release|x64.Build.0 = Release|Any CPU
		{99D0F442-5843-4837-8172-8271809C365F}.Release|x86.ActiveCfg = Release|Any CPU
		{99D0F442-5843-4837-8172-8271809C365F}.Release|x86.Build.0 = Release|Any CPU
	EndGlobalSection
	GlobalSection(SolutionProperties) = preSolution
		HideSolutionNode = FALSE
	EndGlobalSection
EndGlobal
